
Microsoft Visual Studio Solution File, Format Version 11.00
# Visual Studio 2010
Project("{FAE04EC0-301F-11D3-BF4B-00C04F79EFBC}") = "JN.Studio", "JN.Studio\JN.Studio.csproj", "{BFD88819-8225-47D8-91BF-422B5D6BEFF9}"
EndProject
Project("{2150E333-8FDC-42A3-9474-1A3956D46DE8}") = "LIB", "LIB", "{04FABD30-E304-43BD-A1B3-F342282C81A4}"
EndProject
Project("{FAE04EC0-301F-11D3-BF4B-00C04F79EFBC}") = "NewLife.Core", "NewLife.Core\NewLife.Core.csproj", "{5813C22E-EEB3-4DEE-A45C-BB218041193A}"
EndProject
Project("{FAE04EC0-301F-11D3-BF4B-00C04F79EFBC}") = "NewLife.XCode", "NewLife.XCode\NewLife.XCode.csproj", "{B49ABA5A-C5DA-45F4-87F1-B435EC51D710}"
EndProject
Project("{FAE04EC0-301F-11D3-BF4B-00C04F79EFBC}") = "XCoder", "NewLife.XCoder\XCoder.csproj", "{3EB3A5F1-F785-4672-A21D-A3117FC12129}"
EndProject
Project("{FAE04EC0-301F-11D3-BF4B-00C04F79EFBC}") = "XTemplate", "NewLife.XTemplate\XTemplate.csproj", "{DA0B66DF-F5F9-4A00-8CE4-DED2AE165F02}"
EndProject
Project("{FAE04EC0-301F-11D3-BF4B-00C04F79EFBC}") = "XCodeTestDemo", "XCodeTestDemo\XCodeTestDemo.csproj", "{C6B2BA63-3DD8-4302-BE5F-1F0D83AE1A1A}"
EndProject
Global
	GlobalSection(TeamFoundationVersionControl) = preSolution
		SccNumberOfProjects = 7
		SccEnterpriseProvider = {4CA58AB2-18FA-4F8D-95D4-32DDF27D184C}
		SccTeamFoundationServer = http://10.30.2.23:8080/
		SccLocalPath0 = .
		SccProjectUniqueName1 = NewLife.Core\\NewLife.Core.csproj
		SccProjectTopLevelParentUniqueName1 = JN.Studio.sln
		SccProjectName1 = NewLife.Core
		SccLocalPath1 = NewLife.Core
		SccProjectUniqueName2 = NewLife.XCode\\NewLife.XCode.csproj
		SccProjectTopLevelParentUniqueName2 = JN.Studio.sln
		SccProjectName2 = NewLife.XCode
		SccLocalPath2 = NewLife.XCode
		SccProjectUniqueName3 = NewLife.XCoder\\XCoder.csproj
		SccProjectTopLevelParentUniqueName3 = JN.Studio.sln
		SccProjectName3 = NewLife.XCoder
		SccLocalPath3 = NewLife.XCoder
		SccProjectUniqueName4 = JN.Studio\\JN.Studio.csproj
		SccProjectName4 = JN.Studio
		SccLocalPath4 = JN.Studio
		SccProjectUniqueName5 = NewLife.XTemplate\\XTemplate.csproj
		SccProjectTopLevelParentUniqueName5 = JN.Studio.sln
		SccProjectName5 = NewLife.XTemplate
		SccLocalPath5 = NewLife.XTemplate
		SccProjectUniqueName6 = XCodeTestDemo\\XCodeTestDemo.csproj
		SccProjectName6 = XCodeTestDemo
		SccLocalPath6 = XCodeTestDemo
	EndGlobalSection
	GlobalSection(SolutionConfigurationPlatforms) = preSolution
		Debug|Any CPU = Debug|Any CPU
		Debug|Mixed Platforms = Debug|Mixed Platforms
		Debug|x86 = Debug|x86
		Net4Debug|Any CPU = Net4Debug|Any CPU
		Net4Debug|Mixed Platforms = Net4Debug|Mixed Platforms
		Net4Debug|x86 = Net4Debug|x86
		Net4Release|Any CPU = Net4Release|Any CPU
		Net4Release|Mixed Platforms = Net4Release|Mixed Platforms
		Net4Release|x86 = Net4Release|x86
		Release|Any CPU = Release|Any CPU
		Release|Mixed Platforms = Release|Mixed Platforms
		Release|x86 = Release|x86
	EndGlobalSection
	GlobalSection(ProjectConfigurationPlatforms) = postSolution
		{BFD88819-8225-47D8-91BF-422B5D6BEFF9}.Debug|Any CPU.ActiveCfg = Debug|Any CPU
		{BFD88819-8225-47D8-91BF-422B5D6BEFF9}.Debug|Mixed Platforms.ActiveCfg = Debug|x86
		{BFD88819-8225-47D8-91BF-422B5D6BEFF9}.Debug|Mixed Platforms.Build.0 = Debug|x86
		{BFD88819-8225-47D8-91BF-422B5D6BEFF9}.Debug|x86.ActiveCfg = Debug|x86
		{BFD88819-8225-47D8-91BF-422B5D6BEFF9}.Debug|x86.Build.0 = Debug|x86
		{BFD88819-8225-47D8-91BF-422B5D6BEFF9}.Net4Debug|Any CPU.ActiveCfg = Debug|x86
		{BFD88819-8225-47D8-91BF-422B5D6BEFF9}.Net4Debug|Mixed Platforms.ActiveCfg = Debug|x86
		{BFD88819-8225-47D8-91BF-422B5D6BEFF9}.Net4Debug|Mixed Platforms.Build.0 = Debug|x86
		{BFD88819-8225-47D8-91BF-422B5D6BEFF9}.Net4Debug|x86.ActiveCfg = Debug|x86
		{BFD88819-8225-47D8-91BF-422B5D6BEFF9}.Net4Debug|x86.Build.0 = Debug|x86
		{BFD88819-8225-47D8-91BF-422B5D6BEFF9}.Net4Release|Any CPU.ActiveCfg = Release|x86
		{BFD88819-8225-47D8-91BF-422B5D6BEFF9}.Net4Release|Mixed Platforms.ActiveCfg = Release|x86
		{BFD88819-8225-47D8-91BF-422B5D6BEFF9}.Net4Release|Mixed Platforms.Build.0 = Release|x86
		{BFD88819-8225-47D8-91BF-422B5D6BEFF9}.Net4Release|x86.ActiveCfg = Release|x86
		{BFD88819-8225-47D8-91BF-422B5D6BEFF9}.Net4Release|x86.Build.0 = Release|x86
		{BFD88819-8225-47D8-91BF-422B5D6BEFF9}.Release|Any CPU.ActiveCfg = Release|x86
		{BFD88819-8225-47D8-91BF-422B5D6BEFF9}.Release|Mixed Platforms.ActiveCfg = Release|x86
		{BFD88819-8225-47D8-91BF-422B5D6BEFF9}.Release|Mixed Platforms.Build.0 = Release|x86
		{BFD88819-8225-47D8-91BF-422B5D6BEFF9}.Release|x86.ActiveCfg = Release|x86
		{BFD88819-8225-47D8-91BF-422B5D6BEFF9}.Release|x86.Build.0 = Release|x86
		{5813C22E-EEB3-4DEE-A45C-BB218041193A}.Debug|Any CPU.ActiveCfg = Debug|Any CPU
		{5813C22E-EEB3-4DEE-A45C-BB218041193A}.Debug|Any CPU.Build.0 = Debug|Any CPU
		{5813C22E-EEB3-4DEE-A45C-BB218041193A}.Debug|Mixed Platforms.ActiveCfg = Debug|Any CPU
		{5813C22E-EEB3-4DEE-A45C-BB218041193A}.Debug|Mixed Platforms.Build.0 = Debug|Any CPU
		{5813C22E-EEB3-4DEE-A45C-BB218041193A}.Debug|x86.ActiveCfg = Debug|Any CPU
		{5813C22E-EEB3-4DEE-A45C-BB218041193A}.Net4Debug|Any CPU.ActiveCfg = Net4Debug|Any CPU
		{5813C22E-EEB3-4DEE-A45C-BB218041193A}.Net4Debug|Any CPU.Build.0 = Net4Debug|Any CPU
		{5813C22E-EEB3-4DEE-A45C-BB218041193A}.Net4Debug|Mixed Platforms.ActiveCfg = Net4Debug|Any CPU
		{5813C22E-EEB3-4DEE-A45C-BB218041193A}.Net4Debug|Mixed Platforms.Build.0 = Net4Debug|Any CPU
		{5813C22E-EEB3-4DEE-A45C-BB218041193A}.Net4Debug|x86.ActiveCfg = Net4Debug|Any CPU
		{5813C22E-EEB3-4DEE-A45C-BB218041193A}.Net4Release|Any CPU.ActiveCfg = Net4Release|Any CPU
		{5813C22E-EEB3-4DEE-A45C-BB218041193A}.Net4Release|Any CPU.Build.0 = Net4Release|Any CPU
		{5813C22E-EEB3-4DEE-A45C-BB218041193A}.Net4Release|Mixed Platforms.ActiveCfg = Net4Release|Any CPU
		{5813C22E-EEB3-4DEE-A45C-BB218041193A}.Net4Release|Mixed Platforms.Build.0 = Net4Release|Any CPU
		{5813C22E-EEB3-4DEE-A45C-BB218041193A}.Net4Release|x86.ActiveCfg = Net4Release|Any CPU
		{5813C22E-EEB3-4DEE-A45C-BB218041193A}.Release|Any CPU.ActiveCfg = Release|Any CPU
		{5813C22E-EEB3-4DEE-A45C-BB218041193A}.Release|Any CPU.Build.0 = Release|Any CPU
		{5813C22E-EEB3-4DEE-A45C-BB218041193A}.Release|Mixed Platforms.ActiveCfg = Release|Any CPU
		{5813C22E-EEB3-4DEE-A45C-BB218041193A}.Release|Mixed Platforms.Build.0 = Release|Any CPU
		{5813C22E-EEB3-4DEE-A45C-BB218041193A}.Release|x86.ActiveCfg = Release|Any CPU
		{B49ABA5A-C5DA-45F4-87F1-B435EC51D710}.Debug|Any CPU.ActiveCfg = Debug|Any CPU
		{B49ABA5A-C5DA-45F4-87F1-B435EC51D710}.Debug|Any CPU.Build.0 = Debug|Any CPU
		{B49ABA5A-C5DA-45F4-87F1-B435EC51D710}.Debug|Mixed Platforms.ActiveCfg = Debug|Any CPU
		{B49ABA5A-C5DA-45F4-87F1-B435EC51D710}.Debug|Mixed Platforms.Build.0 = Debug|Any CPU
		{B49ABA5A-C5DA-45F4-87F1-B435EC51D710}.Debug|x86.ActiveCfg = Debug|Any CPU
		{B49ABA5A-C5DA-45F4-87F1-B435EC51D710}.Net4Debug|Any CPU.ActiveCfg = Net4Debug|Any CPU
		{B49ABA5A-C5DA-45F4-87F1-B435EC51D710}.Net4Debug|Any CPU.Build.0 = Net4Debug|Any CPU
		{B49ABA5A-C5DA-45F4-87F1-B435EC51D710}.Net4Debug|Mixed Platforms.ActiveCfg = Net4Debug|Any CPU
		{B49ABA5A-C5DA-45F4-87F1-B435EC51D710}.Net4Debug|Mixed Platforms.Build.0 = Net4Debug|Any CPU
		{B49ABA5A-C5DA-45F4-87F1-B435EC51D710}.Net4Debug|x86.ActiveCfg = Net4Debug|Any CPU
		{B49ABA5A-C5DA-45F4-87F1-B435EC51D710}.Net4Release|Any CPU.ActiveCfg = Net4Release|Any CPU
		{B49ABA5A-C5DA-45F4-87F1-B435EC51D710}.Net4Release|Any CPU.Build.0 = Net4Release|Any CPU
		{B49ABA5A-C5DA-45F4-87F1-B435EC51D710}.Net4Release|Mixed Platforms.ActiveCfg = Net4Release|Any CPU
		{B49ABA5A-C5DA-45F4-87F1-B435EC51D710}.Net4Release|Mixed Platforms.Build.0 = Net4Release|Any CPU
		{B49ABA5A-C5DA-45F4-87F1-B435EC51D710}.Net4Release|x86.ActiveCfg = Net4Release|Any CPU
		{B49ABA5A-C5DA-45F4-87F1-B435EC51D710}.Release|Any CPU.ActiveCfg = Release|Any CPU
		{B49ABA5A-C5DA-45F4-87F1-B435EC51D710}.Release|Any CPU.Build.0 = Release|Any CPU
		{B49ABA5A-C5DA-45F4-87F1-B435EC51D710}.Release|Mixed Platforms.ActiveCfg = Release|Any CPU
		{B49ABA5A-C5DA-45F4-87F1-B435EC51D710}.Release|Mixed Platforms.Build.0 = Release|Any CPU
		{B49ABA5A-C5DA-45F4-87F1-B435EC51D710}.Release|x86.ActiveCfg = Release|Any CPU
		{3EB3A5F1-F785-4672-A21D-A3117FC12129}.Debug|Any CPU.ActiveCfg = Debug|Any CPU
		{3EB3A5F1-F785-4672-A21D-A3117FC12129}.Debug|Any CPU.Build.0 = Debug|Any CPU
		{3EB3A5F1-F785-4672-A21D-A3117FC12129}.Debug|Mixed Platforms.ActiveCfg = Debug|Any CPU
		{3EB3A5F1-F785-4672-A21D-A3117FC12129}.Debug|Mixed Platforms.Build.0 = Debug|Any CPU
		{3EB3A5F1-F785-4672-A21D-A3117FC12129}.Debug|x86.ActiveCfg = Debug|Any CPU
		{3EB3A5F1-F785-4672-A21D-A3117FC12129}.Net4Debug|Any CPU.ActiveCfg = Net4Debug|Any CPU
		{3EB3A5F1-F785-4672-A21D-A3117FC12129}.Net4Debug|Any CPU.Build.0 = Net4Debug|Any CPU
		{3EB3A5F1-F785-4672-A21D-A3117FC12129}.Net4Debug|Mixed Platforms.ActiveCfg = Net4Debug|Any CPU
		{3EB3A5F1-F785-4672-A21D-A3117FC12129}.Net4Debug|Mixed Platforms.Build.0 = Net4Debug|Any CPU
		{3EB3A5F1-F785-4672-A21D-A3117FC12129}.Net4Debug|x86.ActiveCfg = Net4Debug|Any CPU
		{3EB3A5F1-F785-4672-A21D-A3117FC12129}.Net4Release|Any CPU.ActiveCfg = Net4Release|Any CPU
		{3EB3A5F1-F785-4672-A21D-A3117FC12129}.Net4Release|Any CPU.Build.0 = Net4Release|Any CPU
		{3EB3A5F1-F785-4672-A21D-A3117FC12129}.Net4Release|Mixed Platforms.ActiveCfg = Net4Release|Any CPU
		{3EB3A5F1-F785-4672-A21D-A3117FC12129}.Net4Release|Mixed Platforms.Build.0 = Net4Release|Any CPU
		{3EB3A5F1-F785-4672-A21D-A3117FC12129}.Net4Release|x86.ActiveCfg = Net4Release|Any CPU
		{3EB3A5F1-F785-4672-A21D-A3117FC12129}.Release|Any CPU.ActiveCfg = Release|Any CPU
		{3EB3A5F1-F785-4672-A21D-A3117FC12129}.Release|Any CPU.Build.0 = Release|Any CPU
		{3EB3A5F1-F785-4672-A21D-A3117FC12129}.Release|Mixed Platforms.ActiveCfg = Release|Any CPU
		{3EB3A5F1-F785-4672-A21D-A3117FC12129}.Release|Mixed Platforms.Build.0 = Release|Any CPU
		{3EB3A5F1-F785-4672-A21D-A3117FC12129}.Release|x86.ActiveCfg = Release|Any CPU
		{DA0B66DF-F5F9-4A00-8CE4-DED2AE165F02}.Debug|Any CPU.ActiveCfg = Debug|Any CPU
		{DA0B66DF-F5F9-4A00-8CE4-DED2AE165F02}.Debug|Any CPU.Build.0 = Debug|Any CPU
		{DA0B66DF-F5F9-4A00-8CE4-DED2AE165F02}.Debug|Mixed Platforms.ActiveCfg = Debug|Any CPU
		{DA0B66DF-F5F9-4A00-8CE4-DED2AE165F02}.Debug|Mixed Platforms.Build.0 = Debug|Any CPU
		{DA0B66DF-F5F9-4A00-8CE4-DED2AE165F02}.Debug|x86.ActiveCfg = Debug|Any CPU
		{DA0B66DF-F5F9-4A00-8CE4-DED2AE165F02}.Net4Debug|Any CPU.ActiveCfg = Debug|Any CPU
		{DA0B66DF-F5F9-4A00-8CE4-DED2AE165F02}.Net4Debug|Any CPU.Build.0 = Debug|Any CPU
		{DA0B66DF-F5F9-4A00-8CE4-DED2AE165F02}.Net4Debug|Mixed Platforms.ActiveCfg = Debug|Any CPU
		{DA0B66DF-F5F9-4A00-8CE4-DED2AE165F02}.Net4Debug|Mixed Platforms.Build.0 = Debug|Any CPU
		{DA0B66DF-F5F9-4A00-8CE4-DED2AE165F02}.Net4Debug|x86.ActiveCfg = Debug|Any CPU
		{DA0B66DF-F5F9-4A00-8CE4-DED2AE165F02}.Net4Release|Any CPU.ActiveCfg = Release|Any CPU
		{DA0B66DF-F5F9-4A00-8CE4-DED2AE165F02}.Net4Release|Any CPU.Build.0 = Release|Any CPU
		{DA0B66DF-F5F9-4A00-8CE4-DED2AE165F02}.Net4Release|Mixed Platforms.ActiveCfg = Release|Any CPU
		{DA0B66DF-F5F9-4A00-8CE4-DED2AE165F02}.Net4Release|Mixed Platforms.Build.0 = Release|Any CPU
		{DA0B66DF-F5F9-4A00-8CE4-DED2AE165F02}.Net4Release|x86.ActiveCfg = Release|Any CPU
		{DA0B66DF-F5F9-4A00-8CE4-DED2AE165F02}.Release|Any CPU.ActiveCfg = Release|Any CPU
		{DA0B66DF-F5F9-4A00-8CE4-DED2AE165F02}.Release|Any CPU.Build.0 = Release|Any CPU
		{DA0B66DF-F5F9-4A00-8CE4-DED2AE165F02}.Release|Mixed Platforms.ActiveCfg = Release|Any CPU
		{DA0B66DF-F5F9-4A00-8CE4-DED2AE165F02}.Release|Mixed Platforms.Build.0 = Release|Any CPU
		{DA0B66DF-F5F9-4A00-8CE4-DED2AE165F02}.Release|x86.ActiveCfg = Release|Any CPU
		{C6B2BA63-3DD8-4302-BE5F-1F0D83AE1A1A}.Debug|Any CPU.ActiveCfg = Debug|Any CPU
		{C6B2BA63-3DD8-4302-BE5F-1F0D83AE1A1A}.Debug|Mixed Platforms.ActiveCfg = Debug|x86
		{C6B2BA63-3DD8-4302-BE5F-1F0D83AE1A1A}.Debug|Mixed Platforms.Build.0 = Debug|x86
		{C6B2BA63-3DD8-4302-BE5F-1F0D83AE1A1A}.Debug|x86.ActiveCfg = Debug|x86
		{C6B2BA63-3DD8-4302-BE5F-1F0D83AE1A1A}.Debug|x86.Build.0 = Debug|x86
		{C6B2BA63-3DD8-4302-BE5F-1F0D83AE1A1A}.Net4Debug|Any CPU.ActiveCfg = Debug|x86
		{C6B2BA63-3DD8-4302-BE5F-1F0D83AE1A1A}.Net4Debug|Mixed Platforms.ActiveCfg = Debug|x86
		{C6B2BA63-3DD8-4302-BE5F-1F0D83AE1A1A}.Net4Debug|Mixed Platforms.Build.0 = Debug|x86
		{C6B2BA63-3DD8-4302-BE5F-1F0D83AE1A1A}.Net4Debug|x86.ActiveCfg = Debug|x86
		{C6B2BA63-3DD8-4302-BE5F-1F0D83AE1A1A}.Net4Debug|x86.Build.0 = Debug|x86
		{C6B2BA63-3DD8-4302-BE5F-1F0D83AE1A1A}.Net4Release|Any CPU.ActiveCfg = Release|x86
		{C6B2BA63-3DD8-4302-BE5F-1F0D83AE1A1A}.Net4Release|Mixed Platforms.ActiveCfg = Release|x86
		{C6B2BA63-3DD8-4302-BE5F-1F0D83AE1A1A}.Net4Release|Mixed Platforms.Build.0 = Release|x86
		{C6B2BA63-3DD8-4302-BE5F-1F0D83AE1A1A}.Net4Release|x86.ActiveCfg = Release|x86
		{C6B2BA63-3DD8-4302-BE5F-1F0D83AE1A1A}.Net4Release|x86.Build.0 = Release|x86
		{C6B2BA63-3DD8-4302-BE5F-1F0D83AE1A1A}.Release|Any CPU.ActiveCfg = Release|x86
		{C6B2BA63-3DD8-4302-BE5F-1F0D83AE1A1A}.Release|Mixed Platforms.ActiveCfg = Release|x86
		{C6B2BA63-3DD8-4302-BE5F-1F0D83AE1A1A}.Release|Mixed Platforms.Build.0 = Release|x86
		{C6B2BA63-3DD8-4302-BE5F-1F0D83AE1A1A}.Release|x86.ActiveCfg = Release|x86
		{C6B2BA63-3DD8-4302-BE5F-1F0D83AE1A1A}.Release|x86.Build.0 = Release|x86
	EndGlobalSection
	GlobalSection(SolutionProperties) = preSolution
		HideSolutionNode = FALSE
	EndGlobalSection
	GlobalSection(NestedProjects) = preSolution
		{5813C22E-EEB3-4DEE-A45C-BB218041193A} = {04FABD30-E304-43BD-A1B3-F342282C81A4}
		{B49ABA5A-C5DA-45F4-87F1-B435EC51D710} = {04FABD30-E304-43BD-A1B3-F342282C81A4}
		{3EB3A5F1-F785-4672-A21D-A3117FC12129} = {04FABD30-E304-43BD-A1B3-F342282C81A4}
		{DA0B66DF-F5F9-4A00-8CE4-DED2AE165F02} = {04FABD30-E304-43BD-A1B3-F342282C81A4}
	EndGlobalSection
EndGlobal
